
Microsoft Visual Studio Solution File, Format Version 12.00
# Visual Studio Version 17
VisualStudioVersion = 17.5.33530.505
MinimumVisualStudioVersion = 10.0.40219.1
Project("{FAE04EC0-301F-11D3-BF4B-00C04F79EFBC}") = "wedsitemobile", "wedsitemobile\wedsitemobile.csproj", "{74D7F887-7104-489A-B178-A1ADE48E5393}"
EndProject
Global
	GlobalSection(SolutionConfigurationPlatforms) = preSolution
		Debug|Any CPU = Debug|Any CPU
		Release|Any CPU = Release|Any CPU
	EndGlobalSection
	GlobalSection(ProjectConfigurationPlatforms) = postSolution
		{74D7F887-7104-489A-B178-A1ADE48E5393}.Debug|Any CPU.ActiveCfg = Debug|Any CPU
		{74D7F887-7104-489A-B178-A1ADE48E5393}.Debug|Any CPU.Build.0 = Debug|Any CPU
		{74D7F887-7104-489A-B178-A1ADE48E5393}.Release|Any CPU.ActiveCfg = Release|Any CPU
		{74D7F887-7104-489A-B178-A1ADE48E5393}.Release|Any CPU.Build.0 = Release|Any CPU
	EndGlobalSection
	GlobalSection(SolutionProperties) = preSolution
		HideSolutionNode = FALSE
	EndGlobalSection
	GlobalSection(ExtensibilityGlobals) = postSolution
		SolutionGuid = {87193AC6-74A2-47C6-BB74-F0BB219CB967}
	EndGlobalSection
EndGlobal
